
Microsoft Visual Studio Solution File, Format Version 12.00
# Visual Studio 15
VisualStudioVersion = 15.0.26124.0
MinimumVisualStudioVersion = 15.0.26124.0
Project("{2150E333-8FDC-42A3-9474-1A3956D46DE8}") = "Presentation", "Presentation", "{B0F9430B-468C-47F6-ACA9-1562F2AEF790}"
EndProject
Project("{FAE04EC0-301F-11D3-BF4B-00C04F79EFBC}") = "Presentation.API", "Presentation\Presentation.API\Presentation.API.csproj", "{EDEB8AAF-61C7-4C8D-9EAC-26E16BBA8FA5}"
EndProject
Project("{FAE04EC0-301F-11D3-BF4B-00C04F79EFBC}") = "Domain", "Domain\Domain.csproj", "{040597A0-38E9-4495-8934-908D5D61055B}"
EndProject
Project("{FAE04EC0-301F-11D3-BF4B-00C04F79EFBC}") = "Application", "Application\Application.csproj", "{4C0D0125-8834-4240-B0E7-20C4F64C32A8}"
EndProject
Project("{2150E333-8FDC-42A3-9474-1A3956D46DE8}") = "Infrastructure", "Infrastructure", "{2C154022-6B7F-4F2E-915C-4424C9064F8C}"
EndProject
Project("{FAE04EC0-301F-11D3-BF4B-00C04F79EFBC}") = "Data", "Infrastructure\Data\Data.csproj", "{13D5A7E4-23D0-42B1-998F-001F8E10359C}"
EndProject
Global
	GlobalSection(SolutionConfigurationPlatforms) = preSolution
		Debug|Any CPU = Debug|Any CPU
		Debug|x64 = Debug|x64
		Debug|x86 = Debug|x86
		Release|Any CPU = Release|Any CPU
		Release|x64 = Release|x64
		Release|x86 = Release|x86
	EndGlobalSection
	GlobalSection(SolutionProperties) = preSolution
		HideSolutionNode = FALSE
	EndGlobalSection
	GlobalSection(ProjectConfigurationPlatforms) = postSolution
		{EDEB8AAF-61C7-4C8D-9EAC-26E16BBA8FA5}.Debug|Any CPU.ActiveCfg = Debug|Any CPU
		{EDEB8AAF-61C7-4C8D-9EAC-26E16BBA8FA5}.Debug|Any CPU.Build.0 = Debug|Any CPU
		{EDEB8AAF-61C7-4C8D-9EAC-26E16BBA8FA5}.Debug|x64.ActiveCfg = Debug|Any CPU
		{EDEB8AAF-61C7-4C8D-9EAC-26E16BBA8FA5}.Debug|x64.Build.0 = Debug|Any CPU
		{EDEB8AAF-61C7-4C8D-9EAC-26E16BBA8FA5}.Debug|x86.ActiveCfg = Debug|Any CPU
		{EDEB8AAF-61C7-4C8D-9EAC-26E16BBA8FA5}.Debug|x86.Build.0 = Debug|Any CPU
		{EDEB8AAF-61C7-4C8D-9EAC-26E16BBA8FA5}.Release|Any CPU.ActiveCfg = Release|Any CPU
		{EDEB8AAF-61C7-4C8D-9EAC-26E16BBA8FA5}.Release|Any CPU.Build.0 = Release|Any CPU
		{EDEB8AAF-61C7-4C8D-9EAC-26E16BBA8FA5}.Release|x64.ActiveCfg = Release|Any CPU
		{EDEB8AAF-61C7-4C8D-9EAC-26E16BBA8FA5}.Release|x64.Build.0 = Release|Any CPU
		{EDEB8AAF-61C7-4C8D-9EAC-26E16BBA8FA5}.Release|x86.ActiveCfg = Release|Any CPU
		{EDEB8AAF-61C7-4C8D-9EAC-26E16BBA8FA5}.Release|x86.Build.0 = Release|Any CPU
		{040597A0-38E9-4495-8934-908D5D61055B}.Debug|Any CPU.ActiveCfg = Debug|Any CPU
		{040597A0-38E9-4495-8934-908D5D61055B}.Debug|Any CPU.Build.0 = Debug|Any CPU
		{040597A0-38E9-4495-8934-908D5D61055B}.Debug|x64.ActiveCfg = Debug|Any CPU
		{040597A0-38E9-4495-8934-908D5D61055B}.Debug|x64.Build.0 = Debug|Any CPU
		{040597A0-38E9-4495-8934-908D5D61055B}.Debug|x86.ActiveCfg = Debug|Any CPU
		{040597A0-38E9-4495-8934-908D5D61055B}.Debug|x86.Build.0 = Debug|Any CPU
		{040597A0-38E9-4495-8934-908D5D61055B}.Release|Any CPU.ActiveCfg = Release|Any CPU
		{040597A0-38E9-4495-8934-908D5D61055B}.Release|Any CPU.Build.0 = Release|Any CPU
		{040597A0-38E9-4495-8934-908D5D61055B}.Release|x64.ActiveCfg = Release|Any CPU
		{040597A0-38E9-4495-8934-908D5D61055B}.Release|x64.Build.0 = Release|Any CPU
		{040597A0-38E9-4495-8934-908D5D61055B}.Release|x86.ActiveCfg = Release|Any CPU
		{040597A0-38E9-4495-8934-908D5D61055B}.Release|x86.Build.0 = Release|Any CPU
		{4C0D0125-8834-4240-B0E7-20C4F64C32A8}.Debug|Any CPU.ActiveCfg = Debug|Any CPU
		{4C0D0125-8834-4240-B0E7-20C4F64C32A8}.Debug|Any CPU.Build.0 = Debug|Any CPU
		{4C0D0125-8834-4240-B0E7-20C4F64C32A8}.Debug|x64.ActiveCfg = Debug|Any CPU
		{4C0D0125-8834-4240-B0E7-20C4F64C32A8}.Debug|x64.Build.0 = Debug|Any CPU
		{4C0D0125-8834-4240-B0E7-20C4F64C32A8}.Debug|x86.ActiveCfg = Debug|Any CPU
		{4C0D0125-8834-4240-B0E7-20C4F64C32A8}.Debug|x86.Build.0 = Debug|Any CPU
		{4C0D0125-8834-4240-B0E7-20C4F64C32A8}.Release|Any CPU.ActiveCfg = Release|Any CPU
		{4C0D0125-8834-4240-B0E7-20C4F64C32A8}.Release|Any CPU.Build.0 = Release|Any CPU
		{4C0D0125-8834-4240-B0E7-20C4F64C32A8}.Release|x64.ActiveCfg = Release|Any CPU
		{4C0D0125-8834-4240-B0E7-20C4F64C32A8}.Release|x64.Build.0 = Release|Any CPU
		{4C0D0125-8834-4240-B0E7-20C4F64C32A8}.Release|x86.ActiveCfg = Release|Any CPU
		{4C0D0125-8834-4240-B0E7-20C4F64C32A8}.Release|x86.Build.0 = Release|Any CPU
		{13D5A7E4-23D0-42B1-998F-001F8E10359C}.Debug|Any CPU.ActiveCfg = Debug|Any CPU
		{13D5A7E4-23D0-42B1-998F-001F8E10359C}.Debug|Any CPU.Build.0 = Debug|Any CPU
		{13D5A7E4-23D0-42B1-998F-001F8E10359C}.Debug|x64.ActiveCfg = Debug|Any CPU
		{13D5A7E4-23D0-42B1-998F-001F8E10359C}.Debug|x64.Build.0 = Debug|Any CPU
		{13D5A7E4-23D0-42B1-998F-001F8E10359C}.Debug|x86.ActiveCfg = Debug|Any CPU
		{13D5A7E4-23D0-42B1-998F-001F8E10359C}.Debug|x86.Build.0 = Debug|Any CPU
		{13D5A7E4-23D0-42B1-998F-001F8E10359C}.Release|Any CPU.ActiveCfg = Release|Any CPU
		{13D5A7E4-23D0-42B1-998F-001F8E10359C}.Release|Any CPU.Build.0 = Release|Any CPU
		{13D5A7E4-23D0-42B1-998F-001F8E10359C}.Release|x64.ActiveCfg = Release|Any CPU
		{13D5A7E4-23D0-42B1-998F-001F8E10359C}.Release|x64.Build.0 = Release|Any CPU
		{13D5A7E4-23D0-42B1-998F-001F8E10359C}.Release|x86.ActiveCfg = Release|Any CPU
		{13D5A7E4-23D0-42B1-998F-001F8E10359C}.Release|x86.Build.0 = Release|Any CPU
	EndGlobalSection
	GlobalSection(NestedProjects) = preSolution
		{EDEB8AAF-61C7-4C8D-9EAC-26E16BBA8FA5} = {B0F9430B-468C-47F6-ACA9-1562F2AEF790}
		{13D5A7E4-23D0-42B1-998F-001F8E10359C} = {2C154022-6B7F-4F2E-915C-4424C9064F8C}
	EndGlobalSection
EndGlobal
